
Microsoft Visual Studio Solution File, Format Version 12.00
# Visual Studio Version 16
VisualStudioVersion = 16.0.30523.141
MinimumVisualStudioVersion = 10.0.40219.1
Project("{FAE04EC0-301F-11D3-BF4B-00C04F79EFBC}") = "Pokladnaa", "Pokladnaa\Pokladnaa.csproj", "{3549C5AF-D7D9-44E3-920D-C012B2AD6BEB}"
EndProject
Global
	GlobalSection(SolutionConfigurationPlatforms) = preSolution
		Debug|Any CPU = Debug|Any CPU
		Release|Any CPU = Release|Any CPU
	EndGlobalSection
	GlobalSection(ProjectConfigurationPlatforms) = postSolution
		{3549C5AF-D7D9-44E3-920D-C012B2AD6BEB}.Debug|Any CPU.ActiveCfg = Debug|Any CPU
		{3549C5AF-D7D9-44E3-920D-C012B2AD6BEB}.Debug|Any CPU.Build.0 = Debug|Any CPU
		{3549C5AF-D7D9-44E3-920D-C012B2AD6BEB}.Release|Any CPU.ActiveCfg = Release|Any CPU
		{3549C5AF-D7D9-44E3-920D-C012B2AD6BEB}.Release|Any CPU.Build.0 = Release|Any CPU
	EndGlobalSection
	GlobalSection(SolutionProperties) = preSolution
		HideSolutionNode = FALSE
	EndGlobalSection
	GlobalSection(ExtensibilityGlobals) = postSolution
		SolutionGuid = {3D185C87-BBF5-480E-8657-D5B80A53D710}
	EndGlobalSection
EndGlobal
